
Microsoft Visual Studio Solution File, Format Version 12.00
# Visual Studio Version 17
VisualStudioVersion = 17.8.34330.188
MinimumVisualStudioVersion = 10.0.40219.1
Project("{9A19103F-16F7-4668-BE54-9A1E7A4F7556}") = "unlockfps_nc", "unlockfps_nc\unlockfps_nc.csproj", "{AB706C74-000D-4A43-909C-D0EE906003B8}"
EndProject
Project("{9A19103F-16F7-4668-BE54-9A1E7A4F7556}") = "unlockfps_gui", "unlockfps_gui\unlockfps_gui.csproj", "{2E8443BA-176B-4586-A393-7B6A0EB07E40}"
	ProjectSection(ProjectDependencies) = postProject
		{0F921FE9-FE60-4FFA-8317-0C980BB465F7} = {0F921FE9-FE60-4FFA-8317-0C980BB465F7}
		{BCBFA432-9548-4207-9E94-8CE4FF461E21} = {BCBFA432-9548-4207-9E94-8CE4FF461E21}
	EndProjectSection
EndProject
Project("{FAE04EC0-301F-11D3-BF4B-00C04F79EFBC}") = "unlockfps", "unlockfps\unlockfps.csproj", "{3487E54A-20D4-496E-8764-1BE6AB4CCD61}"
EndProject
Project("{8BC9CEB8-8B4A-11D0-8D11-00A0C91BC942}") = "Unlocker-YSR", "Unlocker-YSR\Unlocker-YSR.vcxproj", "{0F921FE9-FE60-4FFA-8317-0C980BB465F7}"
EndProject
Project("{8BC9CEB8-8B4A-11D0-8D11-00A0C91BC942}") = "Sr_Fov_Changer", "Sr_Fov_Changer\Sr_Fov_Changer.vcxproj", "{BCBFA432-9548-4207-9E94-8CE4FF461E21}"
EndProject
Global
	GlobalSection(SolutionConfigurationPlatforms) = preSolution
		Debug|Any CPU = Debug|Any CPU
		Debug|x64 = Debug|x64
		Debug|x86 = Debug|x86
		Release|Any CPU = Release|Any CPU
		Release|x64 = Release|x64
		Release|x86 = Release|x86
	EndGlobalSection
	GlobalSection(ProjectConfigurationPlatforms) = postSolution
		{AB706C74-000D-4A43-909C-D0EE906003B8}.Debug|Any CPU.ActiveCfg = Debug|Any CPU
		{AB706C74-000D-4A43-909C-D0EE906003B8}.Debug|Any CPU.Build.0 = Debug|Any CPU
		{AB706C74-000D-4A43-909C-D0EE906003B8}.Debug|x64.ActiveCfg = Debug|x64
		{AB706C74-000D-4A43-909C-D0EE906003B8}.Debug|x64.Build.0 = Debug|x64
		{AB706C74-000D-4A43-909C-D0EE906003B8}.Debug|x86.ActiveCfg = Debug|Any CPU
		{AB706C74-000D-4A43-909C-D0EE906003B8}.Debug|x86.Build.0 = Debug|Any CPU
		{AB706C74-000D-4A43-909C-D0EE906003B8}.Release|Any CPU.ActiveCfg = Release|x64
		{AB706C74-000D-4A43-909C-D0EE906003B8}.Release|Any CPU.Build.0 = Release|x64
		{AB706C74-000D-4A43-909C-D0EE906003B8}.Release|x64.ActiveCfg = Debug|x64
		{AB706C74-000D-4A43-909C-D0EE906003B8}.Release|x64.Build.0 = Debug|x64
		{AB706C74-000D-4A43-909C-D0EE906003B8}.Release|x86.ActiveCfg = Release|Any CPU
		{AB706C74-000D-4A43-909C-D0EE906003B8}.Release|x86.Build.0 = Release|Any CPU
		{2E8443BA-176B-4586-A393-7B6A0EB07E40}.Debug|Any CPU.ActiveCfg = Debug|Any CPU
		{2E8443BA-176B-4586-A393-7B6A0EB07E40}.Debug|Any CPU.Build.0 = Debug|Any CPU
		{2E8443BA-176B-4586-A393-7B6A0EB07E40}.Debug|x64.ActiveCfg = Debug|x64
		{2E8443BA-176B-4586-A393-7B6A0EB07E40}.Debug|x64.Build.0 = Debug|x64
		{2E8443BA-176B-4586-A393-7B6A0EB07E40}.Debug|x86.ActiveCfg = Debug|Any CPU
		{2E8443BA-176B-4586-A393-7B6A0EB07E40}.Debug|x86.Build.0 = Debug|Any CPU
		{2E8443BA-176B-4586-A393-7B6A0EB07E40}.Release|Any CPU.ActiveCfg = Release|x64
		{2E8443BA-176B-4586-A393-7B6A0EB07E40}.Release|Any CPU.Build.0 = Release|x64
		{2E8443BA-176B-4586-A393-7B6A0EB07E40}.Release|x64.ActiveCfg = Debug|x64
		{2E8443BA-176B-4586-A393-7B6A0EB07E40}.Release|x64.Build.0 = Debug|x64
		{2E8443BA-176B-4586-A393-7B6A0EB07E40}.Release|x86.ActiveCfg = Release|Any CPU
		{2E8443BA-176B-4586-A393-7B6A0EB07E40}.Release|x86.Build.0 = Release|Any CPU
		{3487E54A-20D4-496E-8764-1BE6AB4CCD61}.Debug|Any CPU.ActiveCfg = Debug|Any CPU
		{3487E54A-20D4-496E-8764-1BE6AB4CCD61}.Debug|Any CPU.Build.0 = Debug|Any CPU
		{3487E54A-20D4-496E-8764-1BE6AB4CCD61}.Debug|x64.ActiveCfg = Debug|x64
		{3487E54A-20D4-496E-8764-1BE6AB4CCD61}.Debug|x64.Build.0 = Debug|x64
		{3487E54A-20D4-496E-8764-1BE6AB4CCD61}.Debug|x86.ActiveCfg = Debug|Any CPU
		{3487E54A-20D4-496E-8764-1BE6AB4CCD61}.Debug|x86.Build.0 = Debug|Any CPU
		{3487E54A-20D4-496E-8764-1BE6AB4CCD61}.Release|Any CPU.ActiveCfg = Release|x64
		{3487E54A-20D4-496E-8764-1BE6AB4CCD61}.Release|Any CPU.Build.0 = Release|x64
		{3487E54A-20D4-496E-8764-1BE6AB4CCD61}.Release|x64.ActiveCfg = Debug|x64
		{3487E54A-20D4-496E-8764-1BE6AB4CCD61}.Release|x64.Build.0 = Debug|x64
		{3487E54A-20D4-496E-8764-1BE6AB4CCD61}.Release|x86.ActiveCfg = Release|Any CPU
		{3487E54A-20D4-496E-8764-1BE6AB4CCD61}.Release|x86.Build.0 = Release|Any CPU
		{0F921FE9-FE60-4FFA-8317-0C980BB465F7}.Debug|Any CPU.ActiveCfg = Debug|x64
		{0F921FE9-FE60-4FFA-8317-0C980BB465F7}.Debug|Any CPU.Build.0 = Debug|x64
		{0F921FE9-FE60-4FFA-8317-0C980BB465F7}.Debug|x64.ActiveCfg = Release|x64
		{0F921FE9-FE60-4FFA-8317-0C980BB465F7}.Debug|x64.Build.0 = Release|x64
		{0F921FE9-FE60-4FFA-8317-0C980BB465F7}.Debug|x86.ActiveCfg = Debug|Win32
		{0F921FE9-FE60-4FFA-8317-0C980BB465F7}.Debug|x86.Build.0 = Debug|Win32
		{0F921FE9-FE60-4FFA-8317-0C980BB465F7}.Release|Any CPU.ActiveCfg = Release|x64
		{0F921FE9-FE60-4FFA-8317-0C980BB465F7}.Release|Any CPU.Build.0 = Release|x64
		{0F921FE9-FE60-4FFA-8317-0C980BB465F7}.Release|x64.ActiveCfg = Release|x64
		{0F921FE9-FE60-4FFA-8317-0C980BB465F7}.Release|x64.Build.0 = Release|x64
		{0F921FE9-FE60-4FFA-8317-0C980BB465F7}.Release|x86.ActiveCfg = Release|Win32
		{0F921FE9-FE60-4FFA-8317-0C980BB465F7}.Release|x86.Build.0 = Release|Win32
		{BCBFA432-9548-4207-9E94-8CE4FF461E21}.Debug|Any CPU.ActiveCfg = Debug|x64
		{BCBFA432-9548-4207-9E94-8CE4FF461E21}.Debug|Any CPU.Build.0 = Debug|x64
		{BCBFA432-9548-4207-9E94-8CE4FF461E21}.Debug|x64.ActiveCfg = Release|x64
		{BCBFA432-9548-4207-9E94-8CE4FF461E21}.Debug|x64.Build.0 = Release|x64
		{BCBFA432-9548-4207-9E94-8CE4FF461E21}.Debug|x86.ActiveCfg = Debug|Win32
		{BCBFA432-9548-4207-9E94-8CE4FF461E21}.Debug|x86.Build.0 = Debug|Win32
		{BCBFA432-9548-4207-9E94-8CE4FF461E21}.Release|Any CPU.ActiveCfg = Release|x64
		{BCBFA432-9548-4207-9E94-8CE4FF461E21}.Release|Any CPU.Build.0 = Release|x64
		{BCBFA432-9548-4207-9E94-8CE4FF461E21}.Release|x64.ActiveCfg = Release|x64
		{BCBFA432-9548-4207-9E94-8CE4FF461E21}.Release|x64.Build.0 = Release|x64
		{BCBFA432-9548-4207-9E94-8CE4FF461E21}.Release|x86.ActiveCfg = Release|Win32
		{BCBFA432-9548-4207-9E94-8CE4FF461E21}.Release|x86.Build.0 = Release|Win32
	EndGlobalSection
	GlobalSection(SolutionProperties) = preSolution
		HideSolutionNode = FALSE
	EndGlobalSection
	GlobalSection(ExtensibilityGlobals) = postSolution
		SolutionGuid = {BA9973A2-2E7A-4D69-A824-D9A1B1CCF56E}
	EndGlobalSection
EndGlobal
